
Microsoft Visual Studio Solution File, Format Version 12.00
# Visual Studio Version 16
VisualStudioVersion = 25.0.1700.7
MinimumVisualStudioVersion = 10.0.40219.1
Project("{FAE04EC0-301F-11D3-BF4B-00C04F79EFBC}") = "SwitchStatements", "SwitchStatements\SwitchStatements.csproj", "{C3B59CEC-06D8-4A65-83A1-8BC37E2D48A5}"
EndProject
Global
	GlobalSection(SolutionConfigurationPlatforms) = preSolution
		Debug|Any CPU = Debug|Any CPU
		Release|Any CPU = Release|Any CPU
	EndGlobalSection
	GlobalSection(ProjectConfigurationPlatforms) = postSolution
		{C3B59CEC-06D8-4A65-83A1-8BC37E2D48A5}.Debug|Any CPU.ActiveCfg = Debug|Any CPU
		{C3B59CEC-06D8-4A65-83A1-8BC37E2D48A5}.Debug|Any CPU.Build.0 = Debug|Any CPU
		{C3B59CEC-06D8-4A65-83A1-8BC37E2D48A5}.Release|Any CPU.ActiveCfg = Release|Any CPU
		{C3B59CEC-06D8-4A65-83A1-8BC37E2D48A5}.Release|Any CPU.Build.0 = Release|Any CPU
	EndGlobalSection
	GlobalSection(SolutionProperties) = preSolution
		HideSolutionNode = FALSE
	EndGlobalSection
	GlobalSection(ExtensibilityGlobals) = postSolution
		SolutionGuid = {EE438611-27BA-45B3-AFC8-0DB9FE697781}
	EndGlobalSection
EndGlobal
